// !$*UTF8*$!
{
	archiveVersion = 1;
	classes = {
	};
	objectVersion = 50;
	objects = {

/* Begin PBXBuildFile section */
		C605A5202705140600138B6A /* AppDelegate.swift in Sources */ = {isa = PBXBuildFile; fileRef = C605A51F2705140600138B6A /* AppDelegate.swift */; };
		C605A5222705140600138B6A /* SceneDelegate.swift in Sources */ = {isa = PBXBuildFile; fileRef = C605A5212705140600138B6A /* SceneDelegate.swift */; };
		C605A5242705140600138B6A /* ViewController.swift in Sources */ = {isa = PBXBuildFile; fileRef = C605A5232705140600138B6A /* ViewController.swift */; };
		C605A5272705140600138B6A /* Main.storyboard in Resources */ = {isa = PBXBuildFile; fileRef = C605A5252705140600138B6A /* Main.storyboard */; };
		C605A5292705140800138B6A /* Assets.xcassets in Resources */ = {isa = PBXBuildFile; fileRef = C605A5282705140800138B6A /* Assets.xcassets */; };
		C605A52C2705140800138B6A /* LaunchScreen.storyboard in Resources */ = {isa = PBXBuildFile; fileRef = C605A52A2705140800138B6A /* LaunchScreen.storyboard */; };
		C605A541270523D500138B6A /* clean-road.jpg in Resources */ = {isa = PBXBuildFile; fileRef = C605A540270523D500138B6A /* clean-road.jpg */; };
		C605A54727052ADF00138B6A /* car.png in Resources */ = {isa = PBXBuildFile; fileRef = C605A54627052ADF00138B6A /* car.png */; };
		C605A54B2705E78000138B6A /* whiteCar.png in Resources */ = {isa = PBXBuildFile; fileRef = C605A54A2705E78000138B6A /* whiteCar.png */; };
		C605A54D2705E7A500138B6A /* grayCar.png in Resources */ = {isa = PBXBuildFile; fileRef = C605A54C2705E7A500138B6A /* grayCar.png */; };
		C605A54F2705EEBD00138B6A /* roadWork.png in Resources */ = {isa = PBXBuildFile; fileRef = C605A54E2705EEBD00138B6A /* roadWork.png */; };
/* End PBXBuildFile section */

/* Begin PBXFileReference section */
		C605A51C2705140600138B6A /* 27.09_SuperRace.app */ = {isa = PBXFileReference; explicitFileType = wrapper.application; includeInIndex = 0; path = 27.09_SuperRace.app; sourceTree = BUILT_PRODUCTS_DIR; };
		C605A51F2705140600138B6A /* AppDelegate.swift */ = {isa = PBXFileReference; lastKnownFileType = sourcecode.swift; path = AppDelegate.swift; sourceTree = "<group>"; };
		C605A5212705140600138B6A /* SceneDelegate.swift */ = {isa = PBXFileReference; lastKnownFileType = sourcecode.swift; path = SceneDelegate.swift; sourceTree = "<group>"; };
		C605A5232705140600138B6A /* ViewController.swift */ = {isa = PBXFileReference; lastKnownFileType = sourcecode.swift; path = ViewController.swift; sourceTree = "<group>"; };
		C605A5262705140600138B6A /* Base */ = {isa = PBXFileReference; lastKnownFileType = file.storyboard; name = Base; path = Base.lproj/Main.storyboard; sourceTree = "<group>"; };
		C605A5282705140800138B6A /* Assets.xcassets */ = {isa = PBXFileReference; lastKnownFileType = folder.assetcatalog; path = Assets.xcassets; sourceTree = "<group>"; };
		C605A52B2705140800138B6A /* Base */ = {isa = PBXFileReference; lastKnownFileType = file.storyboard; name = Base; path = Base.lproj/LaunchScreen.storyboard; sourceTree = "<group>"; };
		C605A52D2705140800138B6A /* Info.plist */ = {isa = PBXFileReference; lastKnownFileType = text.plist.xml; path = Info.plist; sourceTree = "<group>"; };
		C605A540270523D500138B6A /* clean-road.jpg */ = {isa = PBXFileReference; lastKnownFileType = image.jpeg; path = "clean-road.jpg"; sourceTree = SOURCE_ROOT; };
		C605A54627052ADF00138B6A /* car.png */ = {isa = PBXFileReference; lastKnownFileType = image.png; path = car.png; sourceTree = SOURCE_ROOT; };
		C605A54A2705E78000138B6A /* whiteCar.png */ = {isa = PBXFileReference; lastKnownFileType = image.png; path = whiteCar.png; sourceTree = SOURCE_ROOT; };
		C605A54C2705E7A500138B6A /* grayCar.png */ = {isa = PBXFileReference; lastKnownFileType = image.png; path = grayCar.png; sourceTree = SOURCE_ROOT; };
		C605A54E2705EEBD00138B6A /* roadWork.png */ = {isa = PBXFileReference; lastKnownFileType = image.png; path = roadWork.png; sourceTree = SOURCE_ROOT; };
/* End PBXFileReference section */

/* Begin PBXFrameworksBuildPhase section */
		C605A5192705140600138B6A /* Frameworks */ = {
			isa = PBXFrameworksBuildPhase;
			buildActionMask = 2147483647;
			files = (
			);
			runOnlyForDeploymentPostprocessing = 0;
		};
/* End PBXFrameworksBuildPhase section */

/* Begin PBXGroup section */
		C605A5132705140600138B6A = {
			isa = PBXGroup;
			children = (
				C605A51D2705140600138B6A /* Products */,
				C605A51E2705140600138B6A /* 27.09_SuperRace */,
			);
			sourceTree = "<group>";
		};
		C605A51D2705140600138B6A /* Products */ = {
			isa = PBXGroup;
			children = (
				C605A51C2705140600138B6A /* 27.09_SuperRace.app */,
			);
			name = Products;
			sourceTree = "<group>";
		};
		C605A51E2705140600138B6A /* 27.09_SuperRace */ = {
			isa = PBXGroup;
			children = (
				C605A5282705140800138B6A /* Assets.xcassets */,
				C605A51F2705140600138B6A /* AppDelegate.swift */,
				C605A5212705140600138B6A /* SceneDelegate.swift */,
				C605A5232705140600138B6A /* ViewController.swift */,
				C605A5252705140600138B6A /* Main.storyboard */,
				C605A52A2705140800138B6A /* LaunchScreen.storyboard */,
				C605A52D2705140800138B6A /* Info.plist */,
				C605A540270523D500138B6A /* clean-road.jpg */,
				C605A54627052ADF00138B6A /* car.png */,
				C605A54A2705E78000138B6A /* whiteCar.png */,
				C605A54C2705E7A500138B6A /* grayCar.png */,
				C605A54E2705EEBD00138B6A /* roadWork.png */,
			);
			path = 27.09_SuperRace;
			sourceTree = "<group>";
		};
/* End PBXGroup section */

/* Begin PBXNativeTarget section */
		C605A51B2705140600138B6A /* 27.09_SuperRace */ = {
			isa = PBXNativeTarget;
			buildConfigurationList = C605A5302705140800138B6A /* Build configuration list for PBXNativeTarget "27.09_SuperRace" */;
			buildPhases = (
				C605A5182705140600138B6A /* Sources */,
				C605A5192705140600138B6A /* Frameworks */,
				C605A51A2705140600138B6A /* Resources */,
			);
			buildRules = (
			);
			dependencies = (
			);
			name = 27.09_SuperRace;
			productName = 27.09_SuperRace;
			productReference = C605A51C2705140600138B6A /* 27.09_SuperRace.app */;
			productType = "com.apple.product-type.application";
		};
/* End PBXNativeTarget section */

/* Begin PBXProject section */
		C605A5142705140600138B6A /* Project object */ = {
			isa = PBXProject;
			attributes = {
				LastSwiftUpdateCheck = 1250;
				LastUpgradeCheck = 1250;
				TargetAttributes = {
					C605A51B2705140600138B6A = {
						CreatedOnToolsVersion = 12.5;
					};
				};
			};
			buildConfigurationList = C605A5172705140600138B6A /* Build configuration list for PBXProject "27.09_SuperRace" */;
			compatibilityVersion = "Xcode 9.3";
			developmentRegion = en;
			hasScannedForEncodings = 0;
			knownRegions = (
				en,
				Base,
			);
			mainGroup = C605A5132705140600138B6A;
			productRefGroup = C605A51D2705140600138B6A /* Products */;
			projectDirPath = "";
			projectRoot = "";
			targets = (
				C605A51B2705140600138B6A /* 27.09_SuperRace */,
			);
		};
/* End PBXProject section */

/* Begin PBXResourcesBuildPhase section */
		C605A51A2705140600138B6A /* Resources */ = {
			isa = PBXResourcesBuildPhase;
			buildActionMask = 2147483647;
			files = (
				C605A54F2705EEBD00138B6A /* roadWork.png in Resources */,
				C605A52C2705140800138B6A /* LaunchScreen.storyboard in Resources */,
				C605A5292705140800138B6A /* Assets.xcassets in Resources */,
				C605A54B2705E78000138B6A /* whiteCar.png in Resources */,
				C605A54727052ADF00138B6A /* car.png in Resources */,
				C605A5272705140600138B6A /* Main.storyboard in Resources */,
				C605A54D2705E7A500138B6A /* grayCar.png in Resources */,
				C605A541270523D500138B6A /* clean-road.jpg in Resources */,
			);
			runOnlyForDeploymentPostprocessing = 0;
		};
/* End PBXResourcesBuildPhase section */

/* Begin PBXSourcesBuildPhase section */
		C605A5182705140600138B6A /* Sources */ = {
			isa = PBXSourcesBuildPhase;
			buildActionMask = 2147483647;
			files = (
				C605A5242705140600138B6A /* ViewController.swift in Sources */,
				C605A5202705140600138B6A /* AppDelegate.swift in Sources */,
				C605A5222705140600138B6A /* SceneDelegate.swift in Sources */,
			);
			runOnlyForDeploymentPostprocessing = 0;
		};
/* End PBXSourcesBuildPhase section */

/* Begin PBXVariantGroup section */
		C605A5252705140600138B6A /* Main.storyboard */ = {
			isa = PBXVariantGroup;
			children = (
				C605A5262705140600138B6A /* Base */,
			);
			name = Main.storyboard;
			sourceTree = "<group>";
		};
		C605A52A2705140800138B6A /* LaunchScreen.storyboard */ = {
			isa = PBXVariantGroup;
			children = (
				C605A52B2705140800138B6A /* Base */,
			);
			name = LaunchScreen.storyboard;
			sourceTree = "<group>";
		};
/* End PBXVariantGroup section */

/* Begin XCBuildConfiguration section */
		C605A52E2705140800138B6A /* Debug */ = {
			isa = XCBuildConfiguration;
			buildSettings = {
				ALWAYS_SEARCH_USER_PATHS = NO;
				CLANG_ANALYZER_NONNULL = YES;
				CLANG_ANALYZER_NUMBER_OBJECT_CONVERSION = YES_AGGRESSIVE;
				CLANG_CXX_LANGUAGE_STANDARD = "gnu++14";
				CLANG_CXX_LIBRARY = "libc++";
				CLANG_ENABLE_MODULES = YES;
				CLANG_ENABLE_OBJC_ARC = YES;
				CLANG_ENABLE_OBJC_WEAK = YES;
				CLANG_WARN_BLOCK_CAPTURE_AUTORELEASING = YES;
				CLANG_WARN_BOOL_CONVERSION = YES;
				CLANG_WARN_COMMA = YES;
				CLANG_WARN_CONSTANT_CONVERSION = YES;
				CLANG_WARN_DEPRECATED_OBJC_IMPLEMENTATIONS = YES;
				CLANG_WARN_DIRECT_OBJC_ISA_USAGE = YES_ERROR;
				CLANG_WARN_DOCUMENTATION_COMMENTS = YES;
				CLANG_WARN_EMPTY_BODY = YES;
				CLANG_WARN_ENUM_CONVERSION = YES;
				CLANG_WARN_INFINITE_RECURSION = YES;
				CLANG_WARN_INT_CONVERSION = YES;
				CLANG_WARN_NON_LITERAL_NULL_CONVERSION = YES;
				CLANG_WARN_OBJC_IMPLICIT_RETAIN_SELF = YES;
				CLANG_WARN_OBJC_LITERAL_CONVERSION = YES;
				CLANG_WARN_OBJC_ROOT_CLASS = YES_ERROR;
				CLANG_WARN_QUOTED_INCLUDE_IN_FRAMEWORK_HEADER = YES;
				CLANG_WARN_RANGE_LOOP_ANALYSIS = YES;
				CLANG_WARN_STRICT_PROTOTYPES = YES;
				CLANG_WARN_SUSPICIOUS_MOVE = YES;
				CLANG_WARN_UNGUARDED_AVAILABILITY = YES_AGGRESSIVE;
				CLANG_WARN_UNREACHABLE_CODE = YES;
				CLANG_WARN__DUPLICATE_METHOD_MATCH = YES;
				COPY_PHASE_STRIP = NO;
				DEBUG_INFORMATION_FORMAT = dwarf;
				ENABLE_STRICT_OBJC_MSGSEND = YES;
				ENABLE_TESTABILITY = YES;
				GCC_C_LANGUAGE_STANDARD = gnu11;
				GCC_DYNAMIC_NO_PIC = NO;
				GCC_NO_COMMON_BLOCKS = YES;
				GCC_OPTIMIZATION_LEVEL = 0;
				GCC_PREPROCESSOR_DEFINITIONS = (
					"DEBUG=1",
					"$(inherited)",
				);
				GCC_WARN_64_TO_32_BIT_CONVERSION = YES;
				GCC_WARN_ABOUT_RETURN_TYPE = YES_ERROR;
				GCC_WARN_UNDECLARED_SELECTOR = YES;
				GCC_WARN_UNINITIALIZED_AUTOS = YES_AGGRESSIVE;
				GCC_WARN_UNUSED_FUNCTION = YES;
				GCC_WARN_UNUSED_VARIABLE = YES;
				IPHONEOS_DEPLOYMENT_TARGET = 14.5;
				MTL_ENABLE_DEBUG_INFO = INCLUDE_SOURCE;
				MTL_FAST_MATH = YES;
				ONLY_ACTIVE_ARCH = YES;
				SDKROOT = iphoneos;
				SWIFT_ACTIVE_COMPILATION_CONDITIONS = DEBUG;
				SWIFT_OPTIMIZATION_LEVEL = "-Onone";
			};
			name = Debug;
		};
		C605A52F2705140800138B6A /* Release */ = {
			isa = XCBuildConfiguration;
			buildSettings = {
				ALWAYS_SEARCH_USER_PATHS = NO;
				CLANG_ANALYZER_NONNULL = YES;
				CLANG_ANALYZER_NUMBER_OBJECT_CONVERSION = YES_AGGRESSIVE;
				CLANG_CXX_LANGUAGE_STANDARD = "gnu++14";
				CLANG_CXX_LIBRARY = "libc++";
				CLANG_ENABLE_MODULES = YES;
				CLANG_ENABLE_OBJC_ARC = YES;
				CLANG_ENABLE_OBJC_WEAK = YES;
				CLANG_WARN_BLOCK_CAPTURE_AUTORELEASING = YES;
				CLANG_WARN_BOOL_CONVERSION = YES;
				CLANG_WARN_COMMA = YES;
				CLANG_WARN_CONSTANT_CONVERSION = YES;
				CLANG_WARN_DEPRECATED_OBJC_IMPLEMENTATIONS = YES;
				CLANG_WARN_DIRECT_OBJC_ISA_USAGE = YES_ERROR;
				CLANG_WARN_DOCUMENTATION_COMMENTS = YES;
				CLANG_WARN_EMPTY_BODY = YES;
				CLANG_WARN_ENUM_CONVERSION = YES;
				CLANG_WARN_INFINITE_RECURSION = YES;
				CLANG_WARN_INT_CONVERSION = YES;
				CLANG_WARN_NON_LITERAL_NULL_CONVERSION = YES;
				CLANG_WARN_OBJC_IMPLICIT_RETAIN_SELF = YES;
				CLANG_WARN_OBJC_LITERAL_CONVERSION = YES;
				CLANG_WARN_OBJC_ROOT_CLASS = YES_ERROR;
				CLANG_WARN_QUOTED_INCLUDE_IN_FRAMEWORK_HEADER = YES;
				CLANG_WARN_RANGE_LOOP_ANALYSIS = YES;
				CLANG_WARN_STRICT_PROTOTYPES = YES;
				CLANG_WARN_SUSPICIOUS_MOVE = YES;
				CLANG_WARN_UNGUARDED_AVAILABILITY = YES_AGGRESSIVE;
				CLANG_WARN_UNREACHABLE_CODE = YES;
				CLANG_WARN__DUPLICATE_METHOD_MATCH = YES;
				COPY_PHASE_STRIP = NO;
				DEBUG_INFORMATION_FORMAT = "dwarf-with-dsym";
				ENABLE_NS_ASSERTIONS = NO;
				ENABLE_STRICT_OBJC_MSGSEND = YES;
				GCC_C_LANGUAGE_STANDARD = gnu11;
				GCC_NO_COMMON_BLOCKS = YES;
				GCC_WARN_64_TO_32_BIT_CONVERSION = YES;
				GCC_WARN_ABOUT_RETURN_TYPE = YES_ERROR;
				GCC_WARN_UNDECLARED_SELECTOR = YES;
				GCC_WARN_UNINITIALIZED_AUTOS = YES_AGGRESSIVE;
				GCC_WARN_UNUSED_FUNCTION = YES;
				GCC_WARN_UNUSED_VARIABLE = YES;
				IPHONEOS_DEPLOYMENT_TARGET = 14.5;
				MTL_ENABLE_DEBUG_INFO = NO;
				MTL_FAST_MATH = YES;
				SDKROOT = iphoneos;
				SWIFT_COMPILATION_MODE = wholemodule;
				SWIFT_OPTIMIZATION_LEVEL = "-O";
				VALIDATE_PRODUCT = YES;
			};
			name = Release;
		};
		C605A5312705140800138B6A /* Debug */ = {
			isa = XCBuildConfiguration;
			buildSettings = {
				ASSETCATALOG_COMPILER_APPICON_NAME = AppIcon;
				ASSETCATALOG_COMPILER_GLOBAL_ACCENT_COLOR_NAME = AccentColor;
				CODE_SIGN_STYLE = Automatic;
				DEVELOPMENT_TEAM = 5JUB2G2QK4;
				INFOPLIST_FILE = 27.09_SuperRace/Info.plist;
				LD_RUNPATH_SEARCH_PATHS = (
					"$(inherited)",
					"@executable_path/Frameworks",
				);
				PRODUCT_BUNDLE_IDENTIFIER = "com.tms.to.go.-7-09-SuperRace";
				PRODUCT_NAME = "$(TARGET_NAME)";
				SWIFT_VERSION = 5.0;
				TARGETED_DEVICE_FAMILY = "1,2";
			};
			name = Debug;
		};
		C605A5322705140800138B6A /* Release */ = {
			isa = XCBuildConfiguration;
			buildSettings = {
				ASSETCATALOG_COMPILER_APPICON_NAME = AppIcon;
				ASSETCATALOG_COMPILER_GLOBAL_ACCENT_COLOR_NAME = AccentColor;
				CODE_SIGN_STYLE = Automatic;
				DEVELOPMENT_TEAM = 5JUB2G2QK4;
				INFOPLIST_FILE = 27.09_SuperRace/Info.plist;
				LD_RUNPATH_SEARCH_PATHS = (
					"$(inherited)",
					"@executable_path/Frameworks",
				);
				PRODUCT_BUNDLE_IDENTIFIER = "com.tms.to.go.-7-09-SuperRace";
				PRODUCT_NAME = "$(TARGET_NAME)";
				SWIFT_VERSION = 5.0;
				TARGETED_DEVICE_FAMILY = "1,2";
			};
			name = Release;
		};
/* End XCBuildConfiguration section */

/* Begin XCConfigurationList section */
		C605A5172705140600138B6A /* Build configuration list for PBXProject "27.09_SuperRace" */ = {
			isa = XCConfigurationList;
			buildConfigurations = (
				C605A52E2705140800138B6A /* Debug */,
				C605A52F2705140800138B6A /* Release */,
			);
			defaultConfigurationIsVisible = 0;
			defaultConfigurationName = Release;
		};
		C605A5302705140800138B6A /* Build configuration list for PBXNativeTarget "27.09_SuperRace" */ = {
			isa = XCConfigurationList;
			buildConfigurations = (
				C605A5312705140800138B6A /* Debug */,
				C605A5322705140800138B6A /* Release */,
			);
			defaultConfigurationIsVisible = 0;
			defaultConfigurationName = Release;
		};
/* End XCConfigurationList section */
	};
	rootObject = C605A5142705140600138B6A /* Project object */;
}
